
Microsoft Visual Studio Solution File, Format Version 12.00
# Visual Studio Version 17
VisualStudioVersion = 17.0.31919.166
MinimumVisualStudioVersion = 10.0.40219.1
Project("{9A19103F-16F7-4668-BE54-9A1E7A4F7556}") = "ExpressionTree", "ExpressionTree\ExpressionTree.csproj", "{67FB7643-4C8A-49A1-B1E0-9BA5706B4FF3}"
EndProject
Project("{9A19103F-16F7-4668-BE54-9A1E7A4F7556}") = "Test.NewtonsoftJson", "Test.NewtonsoftJson\Test.NewtonsoftJson.csproj", "{6F6E32C9-B94F-43F6-8CD1-AB64154EB012}"
EndProject
Project("{9A19103F-16F7-4668-BE54-9A1E7A4F7556}") = "Test.SystemTextJson", "Test.SystemTextJson\Test.SystemTextJson.csproj", "{82E0FF99-45BC-4A45-9882-0FC1C908AE72}"
EndProject
Project("{FAE04EC0-301F-11D3-BF4B-00C04F79EFBC}") = "Test", "Test\Test.csproj", "{60821025-5C65-40A5-BBDB-87ED56349091}"
EndProject
Project("{FAE04EC0-301F-11D3-BF4B-00C04F79EFBC}") = "Test.Shared", "Test.Shared\Test.Shared.csproj", "{AA9453C1-535A-4291-8F60-47E713273519}"
EndProject
Project("{FAE04EC0-301F-11D3-BF4B-00C04F79EFBC}") = "Test.Automated", "Test.Automated\Test.Automated.csproj", "{2F78D1F0-3ECE-4FA5-A727-0728D4CDE74F}"
EndProject
Project("{FAE04EC0-301F-11D3-BF4B-00C04F79EFBC}") = "Test.Xunit", "Test.Xunit\Test.Xunit.csproj", "{E42B4D11-AAC1-4272-A5C7-12BED5A870B5}"
EndProject
Project("{FAE04EC0-301F-11D3-BF4B-00C04F79EFBC}") = "Test.Nunit", "Test.Nunit\Test.Nunit.csproj", "{A079D4C1-0E41-4A6E-A9BB-3EE5C02AEF6C}"
EndProject
Global
	GlobalSection(SolutionConfigurationPlatforms) = preSolution
		Debug|Any CPU = Debug|Any CPU
		Debug|x64 = Debug|x64
		Debug|x86 = Debug|x86
		Release|Any CPU = Release|Any CPU
		Release|x64 = Release|x64
		Release|x86 = Release|x86
	EndGlobalSection
	GlobalSection(ProjectConfigurationPlatforms) = postSolution
		{67FB7643-4C8A-49A1-B1E0-9BA5706B4FF3}.Debug|Any CPU.ActiveCfg = Debug|Any CPU
		{67FB7643-4C8A-49A1-B1E0-9BA5706B4FF3}.Debug|Any CPU.Build.0 = Debug|Any CPU
		{67FB7643-4C8A-49A1-B1E0-9BA5706B4FF3}.Debug|x64.ActiveCfg = Debug|Any CPU
		{67FB7643-4C8A-49A1-B1E0-9BA5706B4FF3}.Debug|x64.Build.0 = Debug|Any CPU
		{67FB7643-4C8A-49A1-B1E0-9BA5706B4FF3}.Debug|x86.ActiveCfg = Debug|Any CPU
		{67FB7643-4C8A-49A1-B1E0-9BA5706B4FF3}.Debug|x86.Build.0 = Debug|Any CPU
		{67FB7643-4C8A-49A1-B1E0-9BA5706B4FF3}.Release|Any CPU.ActiveCfg = Release|Any CPU
		{67FB7643-4C8A-49A1-B1E0-9BA5706B4FF3}.Release|Any CPU.Build.0 = Release|Any CPU
		{67FB7643-4C8A-49A1-B1E0-9BA5706B4FF3}.Release|x64.ActiveCfg = Release|Any CPU
		{67FB7643-4C8A-49A1-B1E0-9BA5706B4FF3}.Release|x64.Build.0 = Release|Any CPU
		{67FB7643-4C8A-49A1-B1E0-9BA5706B4FF3}.Release|x86.ActiveCfg = Release|Any CPU
		{67FB7643-4C8A-49A1-B1E0-9BA5706B4FF3}.Release|x86.Build.0 = Release|Any CPU
		{6F6E32C9-B94F-43F6-8CD1-AB64154EB012}.Debug|Any CPU.ActiveCfg = Debug|Any CPU
		{6F6E32C9-B94F-43F6-8CD1-AB64154EB012}.Debug|Any CPU.Build.0 = Debug|Any CPU
		{6F6E32C9-B94F-43F6-8CD1-AB64154EB012}.Debug|x64.ActiveCfg = Debug|Any CPU
		{6F6E32C9-B94F-43F6-8CD1-AB64154EB012}.Debug|x64.Build.0 = Debug|Any CPU
		{6F6E32C9-B94F-43F6-8CD1-AB64154EB012}.Debug|x86.ActiveCfg = Debug|Any CPU
		{6F6E32C9-B94F-43F6-8CD1-AB64154EB012}.Debug|x86.Build.0 = Debug|Any CPU
		{6F6E32C9-B94F-43F6-8CD1-AB64154EB012}.Release|Any CPU.ActiveCfg = Release|Any CPU
		{6F6E32C9-B94F-43F6-8CD1-AB64154EB012}.Release|Any CPU.Build.0 = Release|Any CPU
		{6F6E32C9-B94F-43F6-8CD1-AB64154EB012}.Release|x64.ActiveCfg = Release|Any CPU
		{6F6E32C9-B94F-43F6-8CD1-AB64154EB012}.Release|x64.Build.0 = Release|Any CPU
		{6F6E32C9-B94F-43F6-8CD1-AB64154EB012}.Release|x86.ActiveCfg = Release|Any CPU
		{6F6E32C9-B94F-43F6-8CD1-AB64154EB012}.Release|x86.Build.0 = Release|Any CPU
		{82E0FF99-45BC-4A45-9882-0FC1C908AE72}.Debug|Any CPU.ActiveCfg = Debug|Any CPU
		{82E0FF99-45BC-4A45-9882-0FC1C908AE72}.Debug|Any CPU.Build.0 = Debug|Any CPU
		{82E0FF99-45BC-4A45-9882-0FC1C908AE72}.Debug|x64.ActiveCfg = Debug|Any CPU
		{82E0FF99-45BC-4A45-9882-0FC1C908AE72}.Debug|x64.Build.0 = Debug|Any CPU
		{82E0FF99-45BC-4A45-9882-0FC1C908AE72}.Debug|x86.ActiveCfg = Debug|Any CPU
		{82E0FF99-45BC-4A45-9882-0FC1C908AE72}.Debug|x86.Build.0 = Debug|Any CPU
		{82E0FF99-45BC-4A45-9882-0FC1C908AE72}.Release|Any CPU.ActiveCfg = Release|Any CPU
		{82E0FF99-45BC-4A45-9882-0FC1C908AE72}.Release|Any CPU.Build.0 = Release|Any CPU
		{82E0FF99-45BC-4A45-9882-0FC1C908AE72}.Release|x64.ActiveCfg = Release|Any CPU
		{82E0FF99-45BC-4A45-9882-0FC1C908AE72}.Release|x64.Build.0 = Release|Any CPU
		{82E0FF99-45BC-4A45-9882-0FC1C908AE72}.Release|x86.ActiveCfg = Release|Any CPU
		{82E0FF99-45BC-4A45-9882-0FC1C908AE72}.Release|x86.Build.0 = Release|Any CPU
		{60821025-5C65-40A5-BBDB-87ED56349091}.Debug|Any CPU.ActiveCfg = Debug|Any CPU
		{60821025-5C65-40A5-BBDB-87ED56349091}.Debug|Any CPU.Build.0 = Debug|Any CPU
		{60821025-5C65-40A5-BBDB-87ED56349091}.Debug|x64.ActiveCfg = Debug|Any CPU
		{60821025-5C65-40A5-BBDB-87ED56349091}.Debug|x64.Build.0 = Debug|Any CPU
		{60821025-5C65-40A5-BBDB-87ED56349091}.Debug|x86.ActiveCfg = Debug|Any CPU
		{60821025-5C65-40A5-BBDB-87ED56349091}.Debug|x86.Build.0 = Debug|Any CPU
		{60821025-5C65-40A5-BBDB-87ED56349091}.Release|Any CPU.ActiveCfg = Release|Any CPU
		{60821025-5C65-40A5-BBDB-87ED56349091}.Release|Any CPU.Build.0 = Release|Any CPU
		{60821025-5C65-40A5-BBDB-87ED56349091}.Release|x64.ActiveCfg = Release|Any CPU
		{60821025-5C65-40A5-BBDB-87ED56349091}.Release|x64.Build.0 = Release|Any CPU
		{60821025-5C65-40A5-BBDB-87ED56349091}.Release|x86.ActiveCfg = Release|Any CPU
		{60821025-5C65-40A5-BBDB-87ED56349091}.Release|x86.Build.0 = Release|Any CPU
		{AA9453C1-535A-4291-8F60-47E713273519}.Debug|Any CPU.ActiveCfg = Debug|Any CPU
		{AA9453C1-535A-4291-8F60-47E713273519}.Debug|Any CPU.Build.0 = Debug|Any CPU
		{AA9453C1-535A-4291-8F60-47E713273519}.Debug|x64.ActiveCfg = Debug|Any CPU
		{AA9453C1-535A-4291-8F60-47E713273519}.Debug|x64.Build.0 = Debug|Any CPU
		{AA9453C1-535A-4291-8F60-47E713273519}.Debug|x86.ActiveCfg = Debug|Any CPU
		{AA9453C1-535A-4291-8F60-47E713273519}.Debug|x86.Build.0 = Debug|Any CPU
		{AA9453C1-535A-4291-8F60-47E713273519}.Release|Any CPU.ActiveCfg = Release|Any CPU
		{AA9453C1-535A-4291-8F60-47E713273519}.Release|Any CPU.Build.0 = Release|Any CPU
		{AA9453C1-535A-4291-8F60-47E713273519}.Release|x64.ActiveCfg = Release|Any CPU
		{AA9453C1-535A-4291-8F60-47E713273519}.Release|x64.Build.0 = Release|Any CPU
		{AA9453C1-535A-4291-8F60-47E713273519}.Release|x86.ActiveCfg = Release|Any CPU
		{AA9453C1-535A-4291-8F60-47E713273519}.Release|x86.Build.0 = Release|Any CPU
		{2F78D1F0-3ECE-4FA5-A727-0728D4CDE74F}.Debug|Any CPU.ActiveCfg = Debug|Any CPU
		{2F78D1F0-3ECE-4FA5-A727-0728D4CDE74F}.Debug|Any CPU.Build.0 = Debug|Any CPU
		{2F78D1F0-3ECE-4FA5-A727-0728D4CDE74F}.Debug|x64.ActiveCfg = Debug|Any CPU
		{2F78D1F0-3ECE-4FA5-A727-0728D4CDE74F}.Debug|x64.Build.0 = Debug|Any CPU
		{2F78D1F0-3ECE-4FA5-A727-0728D4CDE74F}.Debug|x86.ActiveCfg = Debug|Any CPU
		{2F78D1F0-3ECE-4FA5-A727-0728D4CDE74F}.Debug|x86.Build.0 = Debug|Any CPU
		{2F78D1F0-3ECE-4FA5-A727-0728D4CDE74F}.Release|Any CPU.ActiveCfg = Release|Any CPU
		{2F78D1F0-3ECE-4FA5-A727-0728D4CDE74F}.Release|Any CPU.Build.0 = Release|Any CPU
		{2F78D1F0-3ECE-4FA5-A727-0728D4CDE74F}.Release|x64.ActiveCfg = Release|Any CPU
		{2F78D1F0-3ECE-4FA5-A727-0728D4CDE74F}.Release|x64.Build.0 = Release|Any CPU
		{2F78D1F0-3ECE-4FA5-A727-0728D4CDE74F}.Release|x86.ActiveCfg = Release|Any CPU
		{2F78D1F0-3ECE-4FA5-A727-0728D4CDE74F}.Release|x86.Build.0 = Release|Any CPU
		{E42B4D11-AAC1-4272-A5C7-12BED5A870B5}.Debug|Any CPU.ActiveCfg = Debug|Any CPU
		{E42B4D11-AAC1-4272-A5C7-12BED5A870B5}.Debug|Any CPU.Build.0 = Debug|Any CPU
		{E42B4D11-AAC1-4272-A5C7-12BED5A870B5}.Debug|x64.ActiveCfg = Debug|Any CPU
		{E42B4D11-AAC1-4272-A5C7-12BED5A870B5}.Debug|x64.Build.0 = Debug|Any CPU
		{E42B4D11-AAC1-4272-A5C7-12BED5A870B5}.Debug|x86.ActiveCfg = Debug|Any CPU
		{E42B4D11-AAC1-4272-A5C7-12BED5A870B5}.Debug|x86.Build.0 = Debug|Any CPU
		{E42B4D11-AAC1-4272-A5C7-12BED5A870B5}.Release|Any CPU.ActiveCfg = Release|Any CPU
		{E42B4D11-AAC1-4272-A5C7-12BED5A870B5}.Release|Any CPU.Build.0 = Release|Any CPU
		{E42B4D11-AAC1-4272-A5C7-12BED5A870B5}.Release|x64.ActiveCfg = Release|Any CPU
		{E42B4D11-AAC1-4272-A5C7-12BED5A870B5}.Release|x64.Build.0 = Release|Any CPU
		{E42B4D11-AAC1-4272-A5C7-12BED5A870B5}.Release|x86.ActiveCfg = Release|Any CPU
		{E42B4D11-AAC1-4272-A5C7-12BED5A870B5}.Release|x86.Build.0 = Release|Any CPU
		{A079D4C1-0E41-4A6E-A9BB-3EE5C02AEF6C}.Debug|Any CPU.ActiveCfg = Debug|Any CPU
		{A079D4C1-0E41-4A6E-A9BB-3EE5C02AEF6C}.Debug|Any CPU.Build.0 = Debug|Any CPU
		{A079D4C1-0E41-4A6E-A9BB-3EE5C02AEF6C}.Debug|x64.ActiveCfg = Debug|Any CPU
		{A079D4C1-0E41-4A6E-A9BB-3EE5C02AEF6C}.Debug|x64.Build.0 = Debug|Any CPU
		{A079D4C1-0E41-4A6E-A9BB-3EE5C02AEF6C}.Debug|x86.ActiveCfg = Debug|Any CPU
		{A079D4C1-0E41-4A6E-A9BB-3EE5C02AEF6C}.Debug|x86.Build.0 = Debug|Any CPU
		{A079D4C1-0E41-4A6E-A9BB-3EE5C02AEF6C}.Release|Any CPU.ActiveCfg = Release|Any CPU
		{A079D4C1-0E41-4A6E-A9BB-3EE5C02AEF6C}.Release|Any CPU.Build.0 = Release|Any CPU
		{A079D4C1-0E41-4A6E-A9BB-3EE5C02AEF6C}.Release|x64.ActiveCfg = Release|Any CPU
		{A079D4C1-0E41-4A6E-A9BB-3EE5C02AEF6C}.Release|x64.Build.0 = Release|Any CPU
		{A079D4C1-0E41-4A6E-A9BB-3EE5C02AEF6C}.Release|x86.ActiveCfg = Release|Any CPU
		{A079D4C1-0E41-4A6E-A9BB-3EE5C02AEF6C}.Release|x86.Build.0 = Release|Any CPU
	EndGlobalSection
	GlobalSection(SolutionProperties) = preSolution
		HideSolutionNode = FALSE
	EndGlobalSection
	GlobalSection(ExtensibilityGlobals) = postSolution
		SolutionGuid = {7642BE17-DD0B-41A9-B5C7-DB7CE25716D8}
	EndGlobalSection
EndGlobal
